<?xml version="1.0" encoding="utf-8"?>
<Project ToolsVersion="4.0" xmlns="http://schemas.microsoft.com/developer/msbuild/2003">
  <ItemGroup>
    <Filter Include="Source Files">
      <UniqueIdentifier>{4FC737F1-C7A5-4376-A066-2A32D752A2FF}</UniqueIdentifier>
      <Extensions>cpp;c;cc;cxx;c++;cppm;ixx;def;odl;idl;hpj;bat;asm;asmx</Extensions>
    </Filter>
    <Filter Include="Header Files">
      <UniqueIdentifier>{93995380-89BD-4b04-88EB-625FBE52EBFB}</UniqueIdentifier>
      <Extensions>h;hh;hpp;hxx;h++;hm;inl;inc;ipp;xsd</Extensions>
    </Filter>
    <Filter Include="Resource Files">
      <UniqueIdentifier>{67DA6AB6-F800-4c08-8B7A-83BB121AAD01}</UniqueIdentifier>
      <Extensions>rc;ico;cur;bmp;dlg;rc2;rct;bin;rgs;gif;jpg;jpeg;jpe;resx;tiff;tif;png;wav;mfcribbon-ms</Extensions>
    </Filter>
    <Filter Include="Source Files\lib">
      <UniqueIdentifier>{ec952b9d-14cf-41a1-a72e-5a4edb90cbc9}</UniqueIdentifier>
    </Filter>
  </ItemGroup>
  <ItemGroup>
    <ClCompile Include="dllmain.cpp">
      <Filter>Source Files</Filter>
    </ClCompile>
    <ClCompile Include="..\vlc-3.0.11\lib\audio.c">
      <Filter>Source Files\lib</Filter>
    </ClCompile>
    <ClCompile Include="..\vlc-3.0.11\lib\core.c">
      <Filter>Source Files\lib</Filter>
    </ClCompile>
    <ClCompile Include="..\vlc-3.0.11\lib\dialog.c">
      <Filter>Source Files\lib</Filter>
    </ClCompile>
    <ClCompile Include="..\vlc-3.0.11\lib\error.c">
      <Filter>Source Files\lib</Filter>
    </ClCompile>
    <ClCompile Include="..\vlc-3.0.11\lib\event.c">
      <Filter>Source Files\lib</Filter>
    </ClCompile>
    <ClCompile Include="..\vlc-3.0.11\lib\log.c">
      <Filter>Source Files\lib</Filter>
    </ClCompile>
    <ClCompile Include="..\vlc-3.0.11\lib\media.c">
      <Filter>Source Files\lib</Filter>
    </ClCompile>
    <ClCompile Include="..\vlc-3.0.11\lib\media_discoverer.c">
      <Filter>Source Files\lib</Filter>
    </ClCompile>
    <ClCompile Include="..\vlc-3.0.11\lib\media_library.c">
      <Filter>Source Files\lib</Filter>
    </ClCompile>
    <ClCompile Include="..\vlc-3.0.11\lib\media_list.c">
      <Filter>Source Files\lib</Filter>
    </ClCompile>
    <ClCompile Include="..\vlc-3.0.11\lib\media_list_player.c">
      <Filter>Source Files\lib</Filter>
    </ClCompile>
    <ClCompile Include="..\vlc-3.0.11\lib\media_player.c">
      <Filter>Source Files\lib</Filter>
    </ClCompile>
    <ClCompile Include="..\vlc-3.0.11\lib\playlist.c">
      <Filter>Source Files\lib</Filter>
    </ClCompile>
    <ClCompile Include="..\vlc-3.0.11\lib\renderer_discoverer.c">
      <Filter>Source Files\lib</Filter>
    </ClCompile>
    <ClCompile Include="..\vlc-3.0.11\lib\video.c">
      <Filter>Source Files\lib</Filter>
    </ClCompile>
    <ClCompile Include="..\vlc-3.0.11\lib\vlm.c">
      <Filter>Source Files\lib</Filter>
    </ClCompile>
  </ItemGroup>
  <ItemGroup>
    <None Include="libvlc.def">
      <Filter>Source Files</Filter>
    </None>
  </ItemGroup>
</Project>