<?xml version="1.0" encoding="utf-8"?>
<Project ToolsVersion="4.0" xmlns="http://schemas.microsoft.com/developer/msbuild/2003">
  <ItemGroup>
    <Filter Include="Source Files">
      <UniqueIdentifier>{4FC737F1-C7A5-4376-A066-2A32D752A2FF}</UniqueIdentifier>
      <Extensions>cpp;c;cc;cxx;c++;cppm;ixx;def;odl;idl;hpj;bat;asm;asmx</Extensions>
    </Filter>
    <Filter Include="Header Files">
      <UniqueIdentifier>{93995380-89BD-4b04-88EB-625FBE52EBFB}</UniqueIdentifier>
      <Extensions>h;hh;hpp;hxx;h++;hm;inl;inc;ipp;xsd</Extensions>
    </Filter>
    <Filter Include="Resource Files">
      <UniqueIdentifier>{67DA6AB6-F800-4c08-8B7A-83BB121AAD01}</UniqueIdentifier>
      <Extensions>rc;ico;cur;bmp;dlg;rc2;rct;bin;rgs;gif;jpg;jpeg;jpe;resx;tiff;tif;png;wav;mfcribbon-ms</Extensions>
    </Filter>
    <Filter Include="Source Files\src">
      <UniqueIdentifier>{c931f61a-3197-43af-a67f-0b34989d36b0}</UniqueIdentifier>
    </Filter>
  </ItemGroup>
  <ItemGroup>
    <ClCompile Include="libmatroska-1.5.2\src\FileKax.cpp">
      <Filter>Source Files\src</Filter>
    </ClCompile>
    <ClCompile Include="libmatroska-1.5.2\src\KaxAttached.cpp">
      <Filter>Source Files\src</Filter>
    </ClCompile>
    <ClCompile Include="libmatroska-1.5.2\src\KaxAttachments.cpp">
      <Filter>Source Files\src</Filter>
    </ClCompile>
    <ClCompile Include="libmatroska-1.5.2\src\KaxBlock.cpp">
      <Filter>Source Files\src</Filter>
    </ClCompile>
    <ClCompile Include="libmatroska-1.5.2\src\KaxBlockData.cpp">
      <Filter>Source Files\src</Filter>
    </ClCompile>
    <ClCompile Include="libmatroska-1.5.2\src\KaxCluster.cpp">
      <Filter>Source Files\src</Filter>
    </ClCompile>
    <ClCompile Include="libmatroska-1.5.2\src\KaxContexts.cpp">
      <Filter>Source Files\src</Filter>
    </ClCompile>
    <ClCompile Include="libmatroska-1.5.2\src\KaxCues.cpp">
      <Filter>Source Files\src</Filter>
    </ClCompile>
    <ClCompile Include="libmatroska-1.5.2\src\KaxCuesData.cpp">
      <Filter>Source Files\src</Filter>
    </ClCompile>
    <ClCompile Include="libmatroska-1.5.2\src\KaxInfoData.cpp">
      <Filter>Source Files\src</Filter>
    </ClCompile>
    <ClCompile Include="libmatroska-1.5.2\src\KaxSeekHead.cpp">
      <Filter>Source Files\src</Filter>
    </ClCompile>
    <ClCompile Include="libmatroska-1.5.2\src\KaxSegment.cpp">
      <Filter>Source Files\src</Filter>
    </ClCompile>
    <ClCompile Include="libmatroska-1.5.2\src\KaxSemantic.cpp">
      <Filter>Source Files\src</Filter>
    </ClCompile>
    <ClCompile Include="libmatroska-1.5.2\src\KaxTracks.cpp">
      <Filter>Source Files\src</Filter>
    </ClCompile>
    <ClCompile Include="libmatroska-1.5.2\src\KaxVersion.cpp">
      <Filter>Source Files\src</Filter>
    </ClCompile>
  </ItemGroup>
</Project>