<?xml version="1.0" encoding="utf-8"?>
<Project ToolsVersion="4.0" xmlns="http://schemas.microsoft.com/developer/msbuild/2003">
  <ItemGroup>
    <Filter Include="Source Files">
      <UniqueIdentifier>{4FC737F1-C7A5-4376-A066-2A32D752A2FF}</UniqueIdentifier>
      <Extensions>cpp;c;cc;cxx;c++;cppm;ixx;def;odl;idl;hpj;bat;asm;asmx</Extensions>
    </Filter>
    <Filter Include="Header Files">
      <UniqueIdentifier>{93995380-89BD-4b04-88EB-625FBE52EBFB}</UniqueIdentifier>
      <Extensions>h;hh;hpp;hxx;h++;hm;inl;inc;ipp;xsd</Extensions>
    </Filter>
    <Filter Include="Resource Files">
      <UniqueIdentifier>{67DA6AB6-F800-4c08-8B7A-83BB121AAD01}</UniqueIdentifier>
      <Extensions>rc;ico;cur;bmp;dlg;rc2;rct;bin;rgs;gif;jpg;jpeg;jpe;resx;tiff;tif;png;wav;mfcribbon-ms</Extensions>
    </Filter>
    <Filter Include="Source Files\src">
      <UniqueIdentifier>{1ea80e22-de62-4fc1-a171-4713a339e658}</UniqueIdentifier>
    </Filter>
  </ItemGroup>
  <ItemGroup>
    <ClCompile Include="harfbuzz-2.6.4\src\main.cc">
      <Filter>Source Files\src</Filter>
    </ClCompile>
    <ClCompile Include="harfbuzz-2.6.4\src\hb-aat-layout.cc">
      <Filter>Source Files\src</Filter>
    </ClCompile>
    <ClCompile Include="harfbuzz-2.6.4\src\hb-unicode.cc">
      <Filter>Source Files\src</Filter>
    </ClCompile>
    <ClCompile Include="harfbuzz-2.6.4\src\hb-ucd.cc">
      <Filter>Source Files\src</Filter>
    </ClCompile>
    <ClCompile Include="harfbuzz-2.6.4\src\hb-static.cc">
      <Filter>Source Files\src</Filter>
    </ClCompile>
    <ClCompile Include="harfbuzz-2.6.4\src\hb-shaper.cc">
      <Filter>Source Files\src</Filter>
    </ClCompile>
    <ClCompile Include="harfbuzz-2.6.4\src\hb-shape-plan.cc">
      <Filter>Source Files\src</Filter>
    </ClCompile>
    <ClCompile Include="harfbuzz-2.6.4\src\hb-shape.cc">
      <Filter>Source Files\src</Filter>
    </ClCompile>
    <ClCompile Include="harfbuzz-2.6.4\src\hb-set.cc">
      <Filter>Source Files\src</Filter>
    </ClCompile>
    <ClCompile Include="harfbuzz-2.6.4\src\hb-ot-var.cc">
      <Filter>Source Files\src</Filter>
    </ClCompile>
    <ClCompile Include="harfbuzz-2.6.4\src\hb-ot-tag.cc">
      <Filter>Source Files\src</Filter>
    </ClCompile>
    <ClCompile Include="harfbuzz-2.6.4\src\hb-ot-shape-normalize.cc">
      <Filter>Source Files\src</Filter>
    </ClCompile>
    <ClCompile Include="harfbuzz-2.6.4\src\hb-ot-shape-fallback.cc">
      <Filter>Source Files\src</Filter>
    </ClCompile>
    <ClCompile Include="harfbuzz-2.6.4\src\hb-ot-shape-complex-vowel-constraints.cc">
      <Filter>Source Files\src</Filter>
    </ClCompile>
    <ClCompile Include="harfbuzz-2.6.4\src\hb-ot-shape-complex-use-table.cc">
      <Filter>Source Files\src</Filter>
    </ClCompile>
    <ClCompile Include="harfbuzz-2.6.4\src\hb-ot-shape-complex-use.cc">
      <Filter>Source Files\src</Filter>
    </ClCompile>
    <ClCompile Include="harfbuzz-2.6.4\src\hb-ot-shape-complex-thai.cc">
      <Filter>Source Files\src</Filter>
    </ClCompile>
    <ClCompile Include="harfbuzz-2.6.4\src\hb-ot-shape-complex-myanmar.cc">
      <Filter>Source Files\src</Filter>
    </ClCompile>
    <ClCompile Include="harfbuzz-2.6.4\src\hb-ot-shape-complex-khmer.cc">
      <Filter>Source Files\src</Filter>
    </ClCompile>
    <ClCompile Include="harfbuzz-2.6.4\src\hb-ot-shape-complex-indic-table.cc">
      <Filter>Source Files\src</Filter>
    </ClCompile>
    <ClCompile Include="harfbuzz-2.6.4\src\hb-ot-shape-complex-indic.cc">
      <Filter>Source Files\src</Filter>
    </ClCompile>
    <ClCompile Include="harfbuzz-2.6.4\src\hb-ot-shape-complex-hebrew.cc">
      <Filter>Source Files\src</Filter>
    </ClCompile>
    <ClCompile Include="harfbuzz-2.6.4\src\hb-ot-shape-complex-hangul.cc">
      <Filter>Source Files\src</Filter>
    </ClCompile>
    <ClCompile Include="harfbuzz-2.6.4\src\hb-ot-shape-complex-default.cc">
      <Filter>Source Files\src</Filter>
    </ClCompile>
    <ClCompile Include="harfbuzz-2.6.4\src\hb-ot-shape-complex-arabic.cc">
      <Filter>Source Files\src</Filter>
    </ClCompile>
    <ClCompile Include="harfbuzz-2.6.4\src\hb-ot-shape.cc">
      <Filter>Source Files\src</Filter>
    </ClCompile>
    <ClCompile Include="harfbuzz-2.6.4\src\hb-ot-name.cc">
      <Filter>Source Files\src</Filter>
    </ClCompile>
    <ClCompile Include="harfbuzz-2.6.4\src\hb-ot-metrics.cc">
      <Filter>Source Files\src</Filter>
    </ClCompile>
    <ClCompile Include="harfbuzz-2.6.4\src\hb-ot-meta.cc">
      <Filter>Source Files\src</Filter>
    </ClCompile>
    <ClCompile Include="harfbuzz-2.6.4\src\hb-ot-math.cc">
      <Filter>Source Files\src</Filter>
    </ClCompile>
    <ClCompile Include="harfbuzz-2.6.4\src\hb-ot-map.cc">
      <Filter>Source Files\src</Filter>
    </ClCompile>
    <ClCompile Include="harfbuzz-2.6.4\src\hb-ot-layout.cc">
      <Filter>Source Files\src</Filter>
    </ClCompile>
    <ClCompile Include="harfbuzz-2.6.4\src\hb-ot-font.cc">
      <Filter>Source Files\src</Filter>
    </ClCompile>
    <ClCompile Include="harfbuzz-2.6.4\src\hb-ot-face.cc">
      <Filter>Source Files\src</Filter>
    </ClCompile>
    <ClCompile Include="harfbuzz-2.6.4\src\hb-ot-color.cc">
      <Filter>Source Files\src</Filter>
    </ClCompile>
    <ClCompile Include="harfbuzz-2.6.4\src\hb-ot-cff2-table.cc">
      <Filter>Source Files\src</Filter>
    </ClCompile>
    <ClCompile Include="harfbuzz-2.6.4\src\hb-ot-cff1-table.cc">
      <Filter>Source Files\src</Filter>
    </ClCompile>
    <ClCompile Include="harfbuzz-2.6.4\src\hb-number.cc">
      <Filter>Source Files\src</Filter>
    </ClCompile>
    <ClCompile Include="harfbuzz-2.6.4\src\hb-map.cc">
      <Filter>Source Files\src</Filter>
    </ClCompile>
    <ClCompile Include="harfbuzz-2.6.4\src\hb-ft.cc">
      <Filter>Source Files\src</Filter>
    </ClCompile>
    <ClCompile Include="harfbuzz-2.6.4\src\hb-font.cc">
      <Filter>Source Files\src</Filter>
    </ClCompile>
    <ClCompile Include="harfbuzz-2.6.4\src\hb-fallback-shape.cc">
      <Filter>Source Files\src</Filter>
    </ClCompile>
    <ClCompile Include="harfbuzz-2.6.4\src\hb-face.cc">
      <Filter>Source Files\src</Filter>
    </ClCompile>
    <ClCompile Include="harfbuzz-2.6.4\src\hb-common.cc">
      <Filter>Source Files\src</Filter>
    </ClCompile>
    <ClCompile Include="harfbuzz-2.6.4\src\hb-buffer-serialize.cc">
      <Filter>Source Files\src</Filter>
    </ClCompile>
    <ClCompile Include="harfbuzz-2.6.4\src\hb-buffer.cc">
      <Filter>Source Files\src</Filter>
    </ClCompile>
    <ClCompile Include="harfbuzz-2.6.4\src\hb-blob.cc">
      <Filter>Source Files\src</Filter>
    </ClCompile>
    <ClCompile Include="harfbuzz-2.6.4\src\hb-aat-map.cc">
      <Filter>Source Files\src</Filter>
    </ClCompile>
  </ItemGroup>
</Project>