<?xml version="1.0" encoding="utf-8" ?>
<Project ToolsVersion="4.0" xmlns="http://schemas.microsoft.com/developer/msbuild/2003">
    <ItemGroup>
        <Filter Include="Source Files">
            <UniqueIdentifier>{4FC737F1-C7A5-4376-A066-2A32D752A2FF}</UniqueIdentifier>
            <Extensions>cpp;c;cc;cxx;c++;cppm;ixx;def;odl;idl;hpj;bat;asm;asmx</Extensions>
        </Filter>
        <Filter Include="Header Files">
            <UniqueIdentifier>{93995380-89BD-4b04-88EB-625FBE52EBFB}</UniqueIdentifier>
            <Extensions>h;hh;hpp;hxx;h++;hm;inl;inc;ipp;xsd</Extensions>
        </Filter>
        <Filter Include="Resource Files">
            <UniqueIdentifier>{67DA6AB6-F800-4c08-8B7A-83BB121AAD01}</UniqueIdentifier>
            <Extensions>rc;ico;cur;bmp;dlg;rc2;rct;bin;rgs;gif;jpg;jpeg;jpe;resx;tiff;tif;png;wav;mfcribbon-ms</Extensions>
        </Filter>
        <Filter Include="Source Files\modules">
            <UniqueIdentifier>{AEC90E88-66A5-468B-B6CF-9134BE8B0F96}</UniqueIdentifier>
        </Filter>
        <Filter Include="Source Files\modules\visualization">
            <UniqueIdentifier>{DA01C1A8-A14C-4B7C-BC4F-0E335A22988A}</UniqueIdentifier>
        </Filter>
        <Filter Include="Source Files\modules\visualization\visual">
            <UniqueIdentifier>{31F138E7-04D0-4619-8FA0-1FCDABC9E72C}</UniqueIdentifier>
        </Filter>
    </ItemGroup>
    <ItemGroup>
        <ResourceCompile Include="..\..\module.rc">
            <Filter>Resource Files</Filter>
        </ResourceCompile>
    </ItemGroup>
    <ItemGroup>
        <ClCompile Include="..\..\dllmain.cpp">
            <Filter>Source Files</Filter>
        </ClCompile>
        <ClCompile Include="..\..\..\vlc-3.0.11\modules\visualization\glspectrum.c">
            <Filter>Source Files\modules\visualization</Filter>
        </ClCompile>
        <ClCompile Include="..\..\..\vlc-3.0.11\modules\visualization\visual\fft.c">
            <Filter>Source Files\modules\visualization\visual</Filter>
        </ClCompile>
        <ClCompile Include="..\..\..\vlc-3.0.11\modules\visualization\visual\window.c">
            <Filter>Source Files\modules\visualization\visual</Filter>
        </ClCompile>
    </ItemGroup>
</Project>
