<?xml version="1.0" encoding="utf-8"?>
<Project ToolsVersion="4.0" xmlns="http://schemas.microsoft.com/developer/msbuild/2003">
  <ItemGroup>
    <Filter Include="Source Files">
      <UniqueIdentifier>{4FC737F1-C7A5-4376-A066-2A32D752A2FF}</UniqueIdentifier>
      <Extensions>cpp;c;cc;cxx;c++;cppm;ixx;def;odl;idl;hpj;bat;asm;asmx</Extensions>
    </Filter>
    <Filter Include="Header Files">
      <UniqueIdentifier>{93995380-89BD-4b04-88EB-625FBE52EBFB}</UniqueIdentifier>
      <Extensions>h;hh;hpp;hxx;h++;hm;inl;inc;ipp;xsd</Extensions>
    </Filter>
    <Filter Include="Resource Files">
      <UniqueIdentifier>{67DA6AB6-F800-4c08-8B7A-83BB121AAD01}</UniqueIdentifier>
      <Extensions>rc;ico;cur;bmp;dlg;rc2;rct;bin;rgs;gif;jpg;jpeg;jpe;resx;tiff;tif;png;wav;mfcribbon-ms</Extensions>
    </Filter>
    <Filter Include="Source Files\src">
      <UniqueIdentifier>{3bc81ea2-908d-4a92-ab5f-40ac2d1b7005}</UniqueIdentifier>
    </Filter>
  </ItemGroup>
  <ItemGroup>
    <ClCompile Include="libebml-1.3.10\src\Debug.cpp">
      <Filter>Source Files\src</Filter>
    </ClCompile>
    <ClCompile Include="libebml-1.3.10\src\EbmlBinary.cpp">
      <Filter>Source Files\src</Filter>
    </ClCompile>
    <ClCompile Include="libebml-1.3.10\src\EbmlContexts.cpp">
      <Filter>Source Files\src</Filter>
    </ClCompile>
    <ClCompile Include="libebml-1.3.10\src\EbmlCrc32.cpp">
      <Filter>Source Files\src</Filter>
    </ClCompile>
    <ClCompile Include="libebml-1.3.10\src\EbmlDate.cpp">
      <Filter>Source Files\src</Filter>
    </ClCompile>
    <ClCompile Include="libebml-1.3.10\src\EbmlDummy.cpp">
      <Filter>Source Files\src</Filter>
    </ClCompile>
    <ClCompile Include="libebml-1.3.10\src\EbmlElement.cpp">
      <Filter>Source Files\src</Filter>
    </ClCompile>
    <ClCompile Include="libebml-1.3.10\src\EbmlFloat.cpp">
      <Filter>Source Files\src</Filter>
    </ClCompile>
    <ClCompile Include="libebml-1.3.10\src\EbmlHead.cpp">
      <Filter>Source Files\src</Filter>
    </ClCompile>
    <ClCompile Include="libebml-1.3.10\src\EbmlMaster.cpp">
      <Filter>Source Files\src</Filter>
    </ClCompile>
    <ClCompile Include="libebml-1.3.10\src\EbmlSInteger.cpp">
      <Filter>Source Files\src</Filter>
    </ClCompile>
    <ClCompile Include="libebml-1.3.10\src\EbmlStream.cpp">
      <Filter>Source Files\src</Filter>
    </ClCompile>
    <ClCompile Include="libebml-1.3.10\src\EbmlString.cpp">
      <Filter>Source Files\src</Filter>
    </ClCompile>
    <ClCompile Include="libebml-1.3.10\src\EbmlSubHead.cpp">
      <Filter>Source Files\src</Filter>
    </ClCompile>
    <ClCompile Include="libebml-1.3.10\src\EbmlUInteger.cpp">
      <Filter>Source Files\src</Filter>
    </ClCompile>
    <ClCompile Include="libebml-1.3.10\src\EbmlUnicodeString.cpp">
      <Filter>Source Files\src</Filter>
    </ClCompile>
    <ClCompile Include="libebml-1.3.10\src\EbmlVersion.cpp">
      <Filter>Source Files\src</Filter>
    </ClCompile>
    <ClCompile Include="libebml-1.3.10\src\EbmlVoid.cpp">
      <Filter>Source Files\src</Filter>
    </ClCompile>
    <ClCompile Include="libebml-1.3.10\src\IOCallback.cpp">
      <Filter>Source Files\src</Filter>
    </ClCompile>
    <ClCompile Include="libebml-1.3.10\src\MemIOCallback.cpp">
      <Filter>Source Files\src</Filter>
    </ClCompile>
    <ClCompile Include="libebml-1.3.10\src\MemReadIOCallback.cpp">
      <Filter>Source Files\src</Filter>
    </ClCompile>
    <ClCompile Include="libebml-1.3.10\src\SafeReadIOCallback.cpp">
      <Filter>Source Files\src</Filter>
    </ClCompile>
    <ClCompile Include="libebml-1.3.10\src\StdIOCallback.cpp">
      <Filter>Source Files\src</Filter>
    </ClCompile>
  </ItemGroup>
</Project>