<?xml version="1.0" encoding="utf-8"?>
<Project ToolsVersion="4.0" xmlns="http://schemas.microsoft.com/developer/msbuild/2003">
  <ItemGroup>
    <Filter Include="Source Files">
      <UniqueIdentifier>{4FC737F1-C7A5-4376-A066-2A32D752A2FF}</UniqueIdentifier>
      <Extensions>cpp;c;cc;cxx;c++;cppm;ixx;def;odl;idl;hpj;bat;asm;asmx</Extensions>
    </Filter>
    <Filter Include="Header Files">
      <UniqueIdentifier>{93995380-89BD-4b04-88EB-625FBE52EBFB}</UniqueIdentifier>
      <Extensions>h;hh;hpp;hxx;h++;hm;inl;inc;ipp;xsd</Extensions>
    </Filter>
    <Filter Include="Resource Files">
      <UniqueIdentifier>{67DA6AB6-F800-4c08-8B7A-83BB121AAD01}</UniqueIdentifier>
      <Extensions>rc;ico;cur;bmp;dlg;rc2;rct;bin;rgs;gif;jpg;jpeg;jpe;resx;tiff;tif;png;wav;mfcribbon-ms</Extensions>
    </Filter>
    <Filter Include="Source Files\modules">
      <UniqueIdentifier>{C0567BB8-DA47-4320-9044-1E5157F43BC6}</UniqueIdentifier>
    </Filter>
    <Filter Include="Source Files\modules\demux">
      <UniqueIdentifier>{9ED9E39B-DD44-42DC-9694-3AF3DD23D25F}</UniqueIdentifier>
    </Filter>
  </ItemGroup>
  <ItemGroup>
    <ResourceCompile Include="..\..\module.rc">
      <Filter>Resource Files</Filter>
    </ResourceCompile>
  </ItemGroup>
  <ItemGroup>
    <ClCompile Include="..\..\dllmain.cpp">
      <Filter>Source Files</Filter>
    </ClCompile>
    <ClCompile Include="..\..\..\vlc-3.0.11\modules\demux\subtitle.c">
      <Filter>Source Files\modules\demux</Filter>
    </ClCompile>
  </ItemGroup>
  <ItemGroup>
    <ClInclude Include="..\..\..\..\..\..\..\..\Users\nio\AppData\Local\Temp\vmware-nio\VMwareDnD\07275ccb\dvbpsi\atsc_eit.h">
      <Filter>Header Files</Filter>
    </ClInclude>
    <ClInclude Include="..\..\..\..\..\..\..\..\Users\nio\AppData\Local\Temp\vmware-nio\VMwareDnD\07275ccb\dvbpsi\atsc_ett.h">
      <Filter>Header Files</Filter>
    </ClInclude>
    <ClInclude Include="..\..\..\..\..\..\..\..\Users\nio\AppData\Local\Temp\vmware-nio\VMwareDnD\07275ccb\dvbpsi\atsc_mgt.h">
      <Filter>Header Files</Filter>
    </ClInclude>
    <ClInclude Include="..\..\..\..\..\..\..\..\Users\nio\AppData\Local\Temp\vmware-nio\VMwareDnD\07275ccb\dvbpsi\atsc_stt.h">
      <Filter>Header Files</Filter>
    </ClInclude>
    <ClInclude Include="..\..\..\..\..\..\..\..\Users\nio\AppData\Local\Temp\vmware-nio\VMwareDnD\07275ccb\dvbpsi\atsc_vct.h">
      <Filter>Header Files</Filter>
    </ClInclude>
    <ClInclude Include="..\..\..\..\..\..\..\..\Users\nio\AppData\Local\Temp\vmware-nio\VMwareDnD\07275ccb\dvbpsi\bat.h">
      <Filter>Header Files</Filter>
    </ClInclude>
    <ClInclude Include="..\..\..\..\..\..\..\..\Users\nio\AppData\Local\Temp\vmware-nio\VMwareDnD\07275ccb\dvbpsi\cat.h">
      <Filter>Header Files</Filter>
    </ClInclude>
    <ClInclude Include="..\..\..\..\..\..\..\..\Users\nio\AppData\Local\Temp\vmware-nio\VMwareDnD\07275ccb\dvbpsi\demux.h">
      <Filter>Header Files</Filter>
    </ClInclude>
    <ClInclude Include="..\..\..\..\..\..\..\..\Users\nio\AppData\Local\Temp\vmware-nio\VMwareDnD\07275ccb\dvbpsi\descriptor.h">
      <Filter>Header Files</Filter>
    </ClInclude>
    <ClInclude Include="..\..\..\..\..\..\..\..\Users\nio\AppData\Local\Temp\vmware-nio\VMwareDnD\07275ccb\dvbpsi\dr.h">
      <Filter>Header Files</Filter>
    </ClInclude>
    <ClInclude Include="..\..\..\..\..\..\..\..\Users\nio\AppData\Local\Temp\vmware-nio\VMwareDnD\07275ccb\dvbpsi\dr_02.h">
      <Filter>Header Files</Filter>
    </ClInclude>
    <ClInclude Include="..\..\..\..\..\..\..\..\Users\nio\AppData\Local\Temp\vmware-nio\VMwareDnD\07275ccb\dvbpsi\dr_03.h">
      <Filter>Header Files</Filter>
    </ClInclude>
    <ClInclude Include="..\..\..\..\..\..\..\..\Users\nio\AppData\Local\Temp\vmware-nio\VMwareDnD\07275ccb\dvbpsi\dr_04.h">
      <Filter>Header Files</Filter>
    </ClInclude>
    <ClInclude Include="..\..\..\..\..\..\..\..\Users\nio\AppData\Local\Temp\vmware-nio\VMwareDnD\07275ccb\dvbpsi\dr_05.h">
      <Filter>Header Files</Filter>
    </ClInclude>
    <ClInclude Include="..\..\..\..\..\..\..\..\Users\nio\AppData\Local\Temp\vmware-nio\VMwareDnD\07275ccb\dvbpsi\dr_06.h">
      <Filter>Header Files</Filter>
    </ClInclude>
    <ClInclude Include="..\..\..\..\..\..\..\..\Users\nio\AppData\Local\Temp\vmware-nio\VMwareDnD\07275ccb\dvbpsi\dr_07.h">
      <Filter>Header Files</Filter>
    </ClInclude>
    <ClInclude Include="..\..\..\..\..\..\..\..\Users\nio\AppData\Local\Temp\vmware-nio\VMwareDnD\07275ccb\dvbpsi\dr_08.h">
      <Filter>Header Files</Filter>
    </ClInclude>
    <ClInclude Include="..\..\..\..\..\..\..\..\Users\nio\AppData\Local\Temp\vmware-nio\VMwareDnD\07275ccb\dvbpsi\dr_09.h">
      <Filter>Header Files</Filter>
    </ClInclude>
    <ClInclude Include="..\..\..\..\..\..\..\..\Users\nio\AppData\Local\Temp\vmware-nio\VMwareDnD\07275ccb\dvbpsi\dr_0a.h">
      <Filter>Header Files</Filter>
    </ClInclude>
    <ClInclude Include="..\..\..\..\..\..\..\..\Users\nio\AppData\Local\Temp\vmware-nio\VMwareDnD\07275ccb\dvbpsi\dr_0b.h">
      <Filter>Header Files</Filter>
    </ClInclude>
    <ClInclude Include="..\..\..\..\..\..\..\..\Users\nio\AppData\Local\Temp\vmware-nio\VMwareDnD\07275ccb\dvbpsi\dr_0c.h">
      <Filter>Header Files</Filter>
    </ClInclude>
    <ClInclude Include="..\..\..\..\..\..\..\..\Users\nio\AppData\Local\Temp\vmware-nio\VMwareDnD\07275ccb\dvbpsi\dr_0d.h">
      <Filter>Header Files</Filter>
    </ClInclude>
    <ClInclude Include="..\..\..\..\..\..\..\..\Users\nio\AppData\Local\Temp\vmware-nio\VMwareDnD\07275ccb\dvbpsi\dr_0e.h">
      <Filter>Header Files</Filter>
    </ClInclude>
    <ClInclude Include="..\..\..\..\..\..\..\..\Users\nio\AppData\Local\Temp\vmware-nio\VMwareDnD\07275ccb\dvbpsi\dr_0f.h">
      <Filter>Header Files</Filter>
    </ClInclude>
    <ClInclude Include="..\..\..\..\..\..\..\..\Users\nio\AppData\Local\Temp\vmware-nio\VMwareDnD\07275ccb\dvbpsi\dr_10.h">
      <Filter>Header Files</Filter>
    </ClInclude>
    <ClInclude Include="..\..\..\..\..\..\..\..\Users\nio\AppData\Local\Temp\vmware-nio\VMwareDnD\07275ccb\dvbpsi\dr_11.h">
      <Filter>Header Files</Filter>
    </ClInclude>
    <ClInclude Include="..\..\..\..\..\..\..\..\Users\nio\AppData\Local\Temp\vmware-nio\VMwareDnD\07275ccb\dvbpsi\dr_12.h">
      <Filter>Header Files</Filter>
    </ClInclude>
    <ClInclude Include="..\..\..\..\..\..\..\..\Users\nio\AppData\Local\Temp\vmware-nio\VMwareDnD\07275ccb\dvbpsi\dr_13.h">
      <Filter>Header Files</Filter>
    </ClInclude>
    <ClInclude Include="..\..\..\..\..\..\..\..\Users\nio\AppData\Local\Temp\vmware-nio\VMwareDnD\07275ccb\dvbpsi\dr_14.h">
      <Filter>Header Files</Filter>
    </ClInclude>
    <ClInclude Include="..\..\..\..\..\..\..\..\Users\nio\AppData\Local\Temp\vmware-nio\VMwareDnD\07275ccb\dvbpsi\dr_1b.h">
      <Filter>Header Files</Filter>
    </ClInclude>
    <ClInclude Include="..\..\..\..\..\..\..\..\Users\nio\AppData\Local\Temp\vmware-nio\VMwareDnD\07275ccb\dvbpsi\dr_1c.h">
      <Filter>Header Files</Filter>
    </ClInclude>
    <ClInclude Include="..\..\..\..\..\..\..\..\Users\nio\AppData\Local\Temp\vmware-nio\VMwareDnD\07275ccb\dvbpsi\dr_40.h">
      <Filter>Header Files</Filter>
    </ClInclude>
    <ClInclude Include="..\..\..\..\..\..\..\..\Users\nio\AppData\Local\Temp\vmware-nio\VMwareDnD\07275ccb\dvbpsi\dr_41.h">
      <Filter>Header Files</Filter>
    </ClInclude>
    <ClInclude Include="..\..\..\..\..\..\..\..\Users\nio\AppData\Local\Temp\vmware-nio\VMwareDnD\07275ccb\dvbpsi\dr_42.h">
      <Filter>Header Files</Filter>
    </ClInclude>
    <ClInclude Include="..\..\..\..\..\..\..\..\Users\nio\AppData\Local\Temp\vmware-nio\VMwareDnD\07275ccb\dvbpsi\dr_43.h">
      <Filter>Header Files</Filter>
    </ClInclude>
    <ClInclude Include="..\..\..\..\..\..\..\..\Users\nio\AppData\Local\Temp\vmware-nio\VMwareDnD\07275ccb\dvbpsi\dr_44.h">
      <Filter>Header Files</Filter>
    </ClInclude>
    <ClInclude Include="..\..\..\..\..\..\..\..\Users\nio\AppData\Local\Temp\vmware-nio\VMwareDnD\07275ccb\dvbpsi\dr_45.h">
      <Filter>Header Files</Filter>
    </ClInclude>
    <ClInclude Include="..\..\..\..\..\..\..\..\Users\nio\AppData\Local\Temp\vmware-nio\VMwareDnD\07275ccb\dvbpsi\dr_47.h">
      <Filter>Header Files</Filter>
    </ClInclude>
    <ClInclude Include="..\..\..\..\..\..\..\..\Users\nio\AppData\Local\Temp\vmware-nio\VMwareDnD\07275ccb\dvbpsi\dr_48.h">
      <Filter>Header Files</Filter>
    </ClInclude>
    <ClInclude Include="..\..\..\..\..\..\..\..\Users\nio\AppData\Local\Temp\vmware-nio\VMwareDnD\07275ccb\dvbpsi\dr_49.h">
      <Filter>Header Files</Filter>
    </ClInclude>
    <ClInclude Include="..\..\..\..\..\..\..\..\Users\nio\AppData\Local\Temp\vmware-nio\VMwareDnD\07275ccb\dvbpsi\dr_4a.h">
      <Filter>Header Files</Filter>
    </ClInclude>
    <ClInclude Include="..\..\..\..\..\..\..\..\Users\nio\AppData\Local\Temp\vmware-nio\VMwareDnD\07275ccb\dvbpsi\dr_4b.h">
      <Filter>Header Files</Filter>
    </ClInclude>
    <ClInclude Include="..\..\..\..\..\..\..\..\Users\nio\AppData\Local\Temp\vmware-nio\VMwareDnD\07275ccb\dvbpsi\dr_4c.h">
      <Filter>Header Files</Filter>
    </ClInclude>
    <ClInclude Include="..\..\..\..\..\..\..\..\Users\nio\AppData\Local\Temp\vmware-nio\VMwareDnD\07275ccb\dvbpsi\dr_4d.h">
      <Filter>Header Files</Filter>
    </ClInclude>
    <ClInclude Include="..\..\..\..\..\..\..\..\Users\nio\AppData\Local\Temp\vmware-nio\VMwareDnD\07275ccb\dvbpsi\dr_4e.h">
      <Filter>Header Files</Filter>
    </ClInclude>
    <ClInclude Include="..\..\..\..\..\..\..\..\Users\nio\AppData\Local\Temp\vmware-nio\VMwareDnD\07275ccb\dvbpsi\dr_4f.h">
      <Filter>Header Files</Filter>
    </ClInclude>
    <ClInclude Include="..\..\..\..\..\..\..\..\Users\nio\AppData\Local\Temp\vmware-nio\VMwareDnD\07275ccb\dvbpsi\dr_50.h">
      <Filter>Header Files</Filter>
    </ClInclude>
    <ClInclude Include="..\..\..\..\..\..\..\..\Users\nio\AppData\Local\Temp\vmware-nio\VMwareDnD\07275ccb\dvbpsi\dr_52.h">
      <Filter>Header Files</Filter>
    </ClInclude>
    <ClInclude Include="..\..\..\..\..\..\..\..\Users\nio\AppData\Local\Temp\vmware-nio\VMwareDnD\07275ccb\dvbpsi\dr_53.h">
      <Filter>Header Files</Filter>
    </ClInclude>
    <ClInclude Include="..\..\..\..\..\..\..\..\Users\nio\AppData\Local\Temp\vmware-nio\VMwareDnD\07275ccb\dvbpsi\dr_54.h">
      <Filter>Header Files</Filter>
    </ClInclude>
    <ClInclude Include="..\..\..\..\..\..\..\..\Users\nio\AppData\Local\Temp\vmware-nio\VMwareDnD\07275ccb\dvbpsi\dr_55.h">
      <Filter>Header Files</Filter>
    </ClInclude>
    <ClInclude Include="..\..\..\..\..\..\..\..\Users\nio\AppData\Local\Temp\vmware-nio\VMwareDnD\07275ccb\dvbpsi\dr_56.h">
      <Filter>Header Files</Filter>
    </ClInclude>
    <ClInclude Include="..\..\..\..\..\..\..\..\Users\nio\AppData\Local\Temp\vmware-nio\VMwareDnD\07275ccb\dvbpsi\dr_58.h">
      <Filter>Header Files</Filter>
    </ClInclude>
    <ClInclude Include="..\..\..\..\..\..\..\..\Users\nio\AppData\Local\Temp\vmware-nio\VMwareDnD\07275ccb\dvbpsi\dr_59.h">
      <Filter>Header Files</Filter>
    </ClInclude>
    <ClInclude Include="..\..\..\..\..\..\..\..\Users\nio\AppData\Local\Temp\vmware-nio\VMwareDnD\07275ccb\dvbpsi\dr_5a.h">
      <Filter>Header Files</Filter>
    </ClInclude>
    <ClInclude Include="..\..\..\..\..\..\..\..\Users\nio\AppData\Local\Temp\vmware-nio\VMwareDnD\07275ccb\dvbpsi\dr_62.h">
      <Filter>Header Files</Filter>
    </ClInclude>
    <ClInclude Include="..\..\..\..\..\..\..\..\Users\nio\AppData\Local\Temp\vmware-nio\VMwareDnD\07275ccb\dvbpsi\dr_66.h">
      <Filter>Header Files</Filter>
    </ClInclude>
    <ClInclude Include="..\..\..\..\..\..\..\..\Users\nio\AppData\Local\Temp\vmware-nio\VMwareDnD\07275ccb\dvbpsi\dr_69.h">
      <Filter>Header Files</Filter>
    </ClInclude>
    <ClInclude Include="..\..\..\..\..\..\..\..\Users\nio\AppData\Local\Temp\vmware-nio\VMwareDnD\07275ccb\dvbpsi\dr_73.h">
      <Filter>Header Files</Filter>
    </ClInclude>
    <ClInclude Include="..\..\..\..\..\..\..\..\Users\nio\AppData\Local\Temp\vmware-nio\VMwareDnD\07275ccb\dvbpsi\dr_76.h">
      <Filter>Header Files</Filter>
    </ClInclude>
    <ClInclude Include="..\..\..\..\..\..\..\..\Users\nio\AppData\Local\Temp\vmware-nio\VMwareDnD\07275ccb\dvbpsi\dr_7c.h">
      <Filter>Header Files</Filter>
    </ClInclude>
    <ClInclude Include="..\..\..\..\..\..\..\..\Users\nio\AppData\Local\Temp\vmware-nio\VMwareDnD\07275ccb\dvbpsi\dr_81.h">
      <Filter>Header Files</Filter>
    </ClInclude>
    <ClInclude Include="..\..\..\..\..\..\..\..\Users\nio\AppData\Local\Temp\vmware-nio\VMwareDnD\07275ccb\dvbpsi\dr_83.h">
      <Filter>Header Files</Filter>
    </ClInclude>
    <ClInclude Include="..\..\..\..\..\..\..\..\Users\nio\AppData\Local\Temp\vmware-nio\VMwareDnD\07275ccb\dvbpsi\dr_86.h">
      <Filter>Header Files</Filter>
    </ClInclude>
    <ClInclude Include="..\..\..\..\..\..\..\..\Users\nio\AppData\Local\Temp\vmware-nio\VMwareDnD\07275ccb\dvbpsi\dr_8a.h">
      <Filter>Header Files</Filter>
    </ClInclude>
    <ClInclude Include="..\..\..\..\..\..\..\..\Users\nio\AppData\Local\Temp\vmware-nio\VMwareDnD\07275ccb\dvbpsi\dr_a0.h">
      <Filter>Header Files</Filter>
    </ClInclude>
    <ClInclude Include="..\..\..\..\..\..\..\..\Users\nio\AppData\Local\Temp\vmware-nio\VMwareDnD\07275ccb\dvbpsi\dr_a1.h">
      <Filter>Header Files</Filter>
    </ClInclude>
    <ClInclude Include="..\..\..\..\..\..\..\..\Users\nio\AppData\Local\Temp\vmware-nio\VMwareDnD\07275ccb\dvbpsi\dvbpsi.h">
      <Filter>Header Files</Filter>
    </ClInclude>
    <ClInclude Include="..\..\..\..\..\..\..\..\Users\nio\AppData\Local\Temp\vmware-nio\VMwareDnD\07275ccb\dvbpsi\eit.h">
      <Filter>Header Files</Filter>
    </ClInclude>
    <ClInclude Include="..\..\..\..\..\..\..\..\Users\nio\AppData\Local\Temp\vmware-nio\VMwareDnD\07275ccb\dvbpsi\nit.h">
      <Filter>Header Files</Filter>
    </ClInclude>
    <ClInclude Include="..\..\..\..\..\..\..\..\Users\nio\AppData\Local\Temp\vmware-nio\VMwareDnD\07275ccb\dvbpsi\pat.h">
      <Filter>Header Files</Filter>
    </ClInclude>
    <ClInclude Include="..\..\..\..\..\..\..\..\Users\nio\AppData\Local\Temp\vmware-nio\VMwareDnD\07275ccb\dvbpsi\pmt.h">
      <Filter>Header Files</Filter>
    </ClInclude>
    <ClInclude Include="..\..\..\..\..\..\..\..\Users\nio\AppData\Local\Temp\vmware-nio\VMwareDnD\07275ccb\dvbpsi\psi.h">
      <Filter>Header Files</Filter>
    </ClInclude>
    <ClInclude Include="..\..\..\..\..\..\..\..\Users\nio\AppData\Local\Temp\vmware-nio\VMwareDnD\07275ccb\dvbpsi\rst.h">
      <Filter>Header Files</Filter>
    </ClInclude>
    <ClInclude Include="..\..\..\..\..\..\..\..\Users\nio\AppData\Local\Temp\vmware-nio\VMwareDnD\07275ccb\dvbpsi\sdt.h">
      <Filter>Header Files</Filter>
    </ClInclude>
    <ClInclude Include="..\..\..\..\..\..\..\..\Users\nio\AppData\Local\Temp\vmware-nio\VMwareDnD\07275ccb\dvbpsi\sis.h">
      <Filter>Header Files</Filter>
    </ClInclude>
    <ClInclude Include="..\..\..\..\..\..\..\..\Users\nio\AppData\Local\Temp\vmware-nio\VMwareDnD\07275ccb\dvbpsi\tot.h">
      <Filter>Header Files</Filter>
    </ClInclude>
    <ClInclude Include="..\..\..\..\..\..\..\..\Users\nio\AppData\Local\Temp\vmware-nio\VMwareDnD\07275ccb\dvbpsi\types\aac_profile.h">
      <Filter>Header Files</Filter>
    </ClInclude>
  </ItemGroup>
</Project>