<?xml version="1.0" encoding="utf-8"?>
<Project ToolsVersion="4.0" xmlns="http://schemas.microsoft.com/developer/msbuild/2003">
  <ItemGroup>
    <Filter Include="Source Files">
      <UniqueIdentifier>{4FC737F1-C7A5-4376-A066-2A32D752A2FF}</UniqueIdentifier>
      <Extensions>cpp;c;cc;cxx;c++;cppm;ixx;def;odl;idl;hpj;bat;asm;asmx</Extensions>
    </Filter>
    <Filter Include="Header Files">
      <UniqueIdentifier>{93995380-89BD-4b04-88EB-625FBE52EBFB}</UniqueIdentifier>
      <Extensions>h;hh;hpp;hxx;h++;hm;inl;inc;ipp;xsd</Extensions>
    </Filter>
    <Filter Include="Resource Files">
      <UniqueIdentifier>{67DA6AB6-F800-4c08-8B7A-83BB121AAD01}</UniqueIdentifier>
      <Extensions>rc;ico;cur;bmp;dlg;rc2;rct;bin;rgs;gif;jpg;jpeg;jpe;resx;tiff;tif;png;wav;mfcribbon-ms</Extensions>
    </Filter>
    <Filter Include="Source Files\modules">
      <UniqueIdentifier>{267B0AD2-26AB-4DC7-831C-C2A9373308B6}</UniqueIdentifier>
    </Filter>
    <Filter Include="Source Files\modules\demux">
      <UniqueIdentifier>{A38E5C6F-685A-4E54-BBCB-FFE842C33B46}</UniqueIdentifier>
    </Filter>
    <Filter Include="Source Files\modules\demux\mp4">
      <UniqueIdentifier>{E3FDD243-B257-4F29-9BEF-8E205951FEFB}</UniqueIdentifier>
    </Filter>
    <Filter Include="Source Files\modules\demux\asf">
      <UniqueIdentifier>{a8766609-5755-4040-95cf-dd7776c1f22a}</UniqueIdentifier>
    </Filter>
  </ItemGroup>
  <ItemGroup>
    <ResourceCompile Include="..\..\module.rc">
      <Filter>Resource Files</Filter>
    </ResourceCompile>
  </ItemGroup>
  <ItemGroup>
    <ClCompile Include="..\..\dllmain.cpp">
      <Filter>Source Files</Filter>
    </ClCompile>
    <ClCompile Include="..\..\..\vlc-3.0.11\modules\demux\mp4\mp4.c">
      <Filter>Source Files\modules\demux\mp4</Filter>
    </ClCompile>
    <ClCompile Include="..\..\..\vlc-3.0.11\modules\demux\mp4\fragments.c">
      <Filter>Source Files\modules\demux\mp4</Filter>
    </ClCompile>
    <ClCompile Include="..\..\..\vlc-3.0.11\modules\demux\mp4\libmp4.c">
      <Filter>Source Files\modules\demux\mp4</Filter>
    </ClCompile>
    <ClCompile Include="..\..\..\vlc-3.0.11\modules\demux\mp4\essetup.c">
      <Filter>Source Files\modules\demux\mp4</Filter>
    </ClCompile>
    <ClCompile Include="..\..\..\vlc-3.0.11\modules\demux\mp4\meta.c">
      <Filter>Source Files\modules\demux\mp4</Filter>
    </ClCompile>
    <ClCompile Include="..\..\..\vlc-3.0.11\modules\demux\asf\asfpacket.c">
      <Filter>Source Files\modules\demux\asf</Filter>
    </ClCompile>
  </ItemGroup>
</Project>