<?xml version="1.0" encoding="utf-8" ?>
<Project ToolsVersion="4.0" xmlns="http://schemas.microsoft.com/developer/msbuild/2003">
    <ItemGroup>
        <Filter Include="Source Files">
            <UniqueIdentifier>{4FC737F1-C7A5-4376-A066-2A32D752A2FF}</UniqueIdentifier>
            <Extensions>cpp;c;cc;cxx;c++;cppm;ixx;def;odl;idl;hpj;bat;asm;asmx</Extensions>
        </Filter>
        <Filter Include="Header Files">
            <UniqueIdentifier>{93995380-89BD-4b04-88EB-625FBE52EBFB}</UniqueIdentifier>
            <Extensions>h;hh;hpp;hxx;h++;hm;inl;inc;ipp;xsd</Extensions>
        </Filter>
        <Filter Include="Resource Files">
            <UniqueIdentifier>{67DA6AB6-F800-4c08-8B7A-83BB121AAD01}</UniqueIdentifier>
            <Extensions>rc;ico;cur;bmp;dlg;rc2;rct;bin;rgs;gif;jpg;jpeg;jpe;resx;tiff;tif;png;wav;mfcribbon-ms</Extensions>
        </Filter>
        <Filter Include="Source Files\modules">
            <UniqueIdentifier>{80F80BD4-54F8-432D-A6CE-4D281996C2FD}</UniqueIdentifier>
        </Filter>
        <Filter Include="Source Files\modules\misc">
            <UniqueIdentifier>{EE53A0A5-CE6B-4EC9-A40A-155E9D6AC3F7}</UniqueIdentifier>
        </Filter>
        <Filter Include="Source Files\modules\misc\webservices">
            <UniqueIdentifier>{C4D7543D-86D0-4AC1-AF89-7E84B33189BA}</UniqueIdentifier>
        </Filter>
    </ItemGroup>
    <ItemGroup>
        <ResourceCompile Include="..\..\module.rc">
            <Filter>Resource Files</Filter>
        </ResourceCompile>
    </ItemGroup>
    <ItemGroup>
        <ClCompile Include="..\..\dllmain.cpp">
            <Filter>Source Files</Filter>
        </ClCompile>
        <ClCompile Include="..\..\..\vlc-3.0.11\modules\misc\webservices\acoustid.c">
            <Filter>Source Files\modules\misc\webservices</Filter>
        </ClCompile>
        <ClCompile Include="..\..\..\vlc-3.0.11\modules\misc\webservices\json.c">
            <Filter>Source Files\modules\misc\webservices</Filter>
        </ClCompile>
        <ClCompile Include="..\..\..\vlc-3.0.11\modules\misc\fingerprinter.c">
            <Filter>Source Files\modules\misc</Filter>
        </ClCompile>
    </ItemGroup>
</Project>
