<?xml version="1.0" encoding="utf-8"?>
<Project ToolsVersion="4.0" xmlns="http://schemas.microsoft.com/developer/msbuild/2003">
  <ItemGroup>
    <Filter Include="Source Files">
      <UniqueIdentifier>{4FC737F1-C7A5-4376-A066-2A32D752A2FF}</UniqueIdentifier>
      <Extensions>cpp;c;cc;cxx;c++;cppm;ixx;def;odl;idl;hpj;bat;asm;asmx</Extensions>
    </Filter>
    <Filter Include="Header Files">
      <UniqueIdentifier>{93995380-89BD-4b04-88EB-625FBE52EBFB}</UniqueIdentifier>
      <Extensions>h;hh;hpp;hxx;h++;hm;inl;inc;ipp;xsd</Extensions>
    </Filter>
    <Filter Include="Resource Files">
      <UniqueIdentifier>{67DA6AB6-F800-4c08-8B7A-83BB121AAD01}</UniqueIdentifier>
      <Extensions>rc;ico;cur;bmp;dlg;rc2;rct;bin;rgs;gif;jpg;jpeg;jpe;resx;tiff;tif;png;wav;mfcribbon-ms</Extensions>
    </Filter>
    <Filter Include="Source Files\src">
      <UniqueIdentifier>{c787c8cf-bd8a-4479-ba36-2d85cc5dc524}</UniqueIdentifier>
    </Filter>
    <Filter Include="Source Files\src\utils">
      <UniqueIdentifier>{14eb0d1c-8294-4df2-8dbe-8b796b9bd84f}</UniqueIdentifier>
    </Filter>
    <Filter Include="Source Files\src\avresample">
      <UniqueIdentifier>{51c5cc60-871c-493e-a8a5-b993066211bc}</UniqueIdentifier>
    </Filter>
  </ItemGroup>
  <ItemGroup>
    <ClCompile Include="chromaprint-1.4.2\src\audio_processor.cpp">
      <Filter>Source Files\src</Filter>
    </ClCompile>
    <ClCompile Include="chromaprint-1.4.2\src\chroma.cpp">
      <Filter>Source Files\src</Filter>
    </ClCompile>
    <ClCompile Include="chromaprint-1.4.2\src\chroma_filter.cpp">
      <Filter>Source Files\src</Filter>
    </ClCompile>
    <ClCompile Include="chromaprint-1.4.2\src\chroma_resampler.cpp">
      <Filter>Source Files\src</Filter>
    </ClCompile>
    <ClCompile Include="chromaprint-1.4.2\src\fft.cpp">
      <Filter>Source Files\src</Filter>
    </ClCompile>
    <ClCompile Include="chromaprint-1.4.2\src\fft_lib_avfft.cpp">
      <Filter>Source Files\src</Filter>
    </ClCompile>
    <ClCompile Include="chromaprint-1.4.2\src\fingerprint_calculator.cpp">
      <Filter>Source Files\src</Filter>
    </ClCompile>
    <ClCompile Include="chromaprint-1.4.2\src\fingerprint_compressor.cpp">
      <Filter>Source Files\src</Filter>
    </ClCompile>
    <ClCompile Include="chromaprint-1.4.2\src\fingerprint_decompressor.cpp">
      <Filter>Source Files\src</Filter>
    </ClCompile>
    <ClCompile Include="chromaprint-1.4.2\src\fingerprint_matcher.cpp">
      <Filter>Source Files\src</Filter>
    </ClCompile>
    <ClCompile Include="chromaprint-1.4.2\src\fingerprinter.cpp">
      <Filter>Source Files\src</Filter>
    </ClCompile>
    <ClCompile Include="chromaprint-1.4.2\src\fingerprinter_configuration.cpp">
      <Filter>Source Files\src</Filter>
    </ClCompile>
    <ClCompile Include="chromaprint-1.4.2\src\image_builder.cpp">
      <Filter>Source Files\src</Filter>
    </ClCompile>
    <ClCompile Include="chromaprint-1.4.2\src\silence_remover.cpp">
      <Filter>Source Files\src</Filter>
    </ClCompile>
    <ClCompile Include="chromaprint-1.4.2\src\simhash.cpp">
      <Filter>Source Files\src</Filter>
    </ClCompile>
    <ClCompile Include="chromaprint-1.4.2\src\spectrum.cpp">
      <Filter>Source Files\src</Filter>
    </ClCompile>
    <ClCompile Include="chromaprint-1.4.2\src\utils\base64.cpp">
      <Filter>Source Files\src\utils</Filter>
    </ClCompile>
    <ClCompile Include="chromaprint-1.4.2\src\chromaprint.cpp">
      <Filter>Source Files\src</Filter>
    </ClCompile>
    <ClCompile Include="chromaprint-1.4.2\src\avresample\resample2.c">
      <Filter>Source Files\src\avresample</Filter>
    </ClCompile>
  </ItemGroup>
</Project>