<?xml version="1.0" encoding="utf-8" ?>
<Project ToolsVersion="4.0" xmlns="http://schemas.microsoft.com/developer/msbuild/2003">
    <ItemGroup>
        <Filter Include="Source Files">
            <UniqueIdentifier>{4FC737F1-C7A5-4376-A066-2A32D752A2FF}</UniqueIdentifier>
            <Extensions>cpp;c;cc;cxx;c++;cppm;ixx;def;odl;idl;hpj;bat;asm;asmx</Extensions>
        </Filter>
        <Filter Include="Header Files">
            <UniqueIdentifier>{93995380-89BD-4b04-88EB-625FBE52EBFB}</UniqueIdentifier>
            <Extensions>h;hh;hpp;hxx;h++;hm;inl;inc;ipp;xsd</Extensions>
        </Filter>
        <Filter Include="Resource Files">
            <UniqueIdentifier>{67DA6AB6-F800-4c08-8B7A-83BB121AAD01}</UniqueIdentifier>
            <Extensions>rc;ico;cur;bmp;dlg;rc2;rct;bin;rgs;gif;jpg;jpeg;jpe;resx;tiff;tif;png;wav;mfcribbon-ms</Extensions>
        </Filter>
        <Filter Include="Source Files\modules">
            <UniqueIdentifier>{F442DA2A-0EC9-4582-9A1B-F4764FCC471D}</UniqueIdentifier>
        </Filter>
        <Filter Include="Source Files\modules\codec">
            <UniqueIdentifier>{ABF577E3-9581-4563-A65C-94C9202A5A46}</UniqueIdentifier>
        </Filter>
        <Filter Include="Source Files\modules\codec\avcodec">
            <UniqueIdentifier>{1BCA7520-19B6-4634-A1BC-5CD0B05A2F08}</UniqueIdentifier>
        </Filter>
        <Filter Include="Source Files\modules\packetizer">
            <UniqueIdentifier>{5AE754F9-A842-43CB-AA60-55E722869284}</UniqueIdentifier>
        </Filter>
        <Filter Include="Source Files\modules\video_chroma">
            <UniqueIdentifier>{058BB990-C89F-41C0-B900-291C8F75F5E9}</UniqueIdentifier>
        </Filter>
    </ItemGroup>
    <ItemGroup>
        <ResourceCompile Include="..\..\module.rc">
            <Filter>Resource Files</Filter>
        </ResourceCompile>
    </ItemGroup>
    <ItemGroup>
        <ClCompile Include="..\..\dllmain.cpp">
            <Filter>Source Files</Filter>
        </ClCompile>
        <ClCompile Include="..\..\..\vlc-3.0.11\modules\codec\avcodec\dxva2.c">
            <Filter>Source Files\modules\codec\avcodec</Filter>
        </ClCompile>
        <ClCompile Include="..\..\..\vlc-3.0.11\modules\codec\avcodec\directx_va.c">
            <Filter>Source Files\modules\codec\avcodec</Filter>
        </ClCompile>
        <ClCompile Include="..\..\..\vlc-3.0.11\modules\codec\avcodec\va_surface.c">
            <Filter>Source Files\modules\codec\avcodec</Filter>
        </ClCompile>
        <ClCompile Include="..\..\..\vlc-3.0.11\modules\packetizer\h264_nal.c">
            <Filter>Source Files\modules\packetizer</Filter>
        </ClCompile>
        <ClCompile Include="..\..\..\vlc-3.0.11\modules\packetizer\hevc_nal.c">
            <Filter>Source Files\modules\packetizer</Filter>
        </ClCompile>
        <ClCompile Include="..\..\..\vlc-3.0.11\modules\codec\avcodec\dxva_blacklist.c">
            <Filter>Source Files\modules\codec\avcodec</Filter>
        </ClCompile>
        <ClCompile Include="..\..\..\vlc-3.0.11\modules\video_chroma\d3d9_fmt.c">
            <Filter>Source Files\modules\video_chroma</Filter>
        </ClCompile>
        <ClCompile Include="..\..\..\vlc-3.0.11\modules\video_chroma\dxgi_fmt.c">
            <Filter>Source Files\modules\video_chroma</Filter>
        </ClCompile>
    </ItemGroup>
</Project>
