<?xml version="1.0" encoding="utf-8"?>
<Project ToolsVersion="4.0" xmlns="http://schemas.microsoft.com/developer/msbuild/2003">
  <ItemGroup>
    <Filter Include="Source Files">
      <UniqueIdentifier>{4FC737F1-C7A5-4376-A066-2A32D752A2FF}</UniqueIdentifier>
      <Extensions>cpp;c;cc;cxx;c++;cppm;ixx;def;odl;idl;hpj;bat;asm;asmx</Extensions>
    </Filter>
    <Filter Include="Header Files">
      <UniqueIdentifier>{93995380-89BD-4b04-88EB-625FBE52EBFB}</UniqueIdentifier>
      <Extensions>h;hh;hpp;hxx;h++;hm;inl;inc;ipp;xsd</Extensions>
    </Filter>
    <Filter Include="Resource Files">
      <UniqueIdentifier>{67DA6AB6-F800-4c08-8B7A-83BB121AAD01}</UniqueIdentifier>
      <Extensions>rc;ico;cur;bmp;dlg;rc2;rct;bin;rgs;gif;jpg;jpeg;jpe;resx;tiff;tif;png;wav;mfcribbon-ms</Extensions>
    </Filter>
    <Filter Include="Source Files\modules">
      <UniqueIdentifier>{0E60BE02-DFF4-4900-A1D6-ACE5DE9BEC35}</UniqueIdentifier>
    </Filter>
    <Filter Include="Source Files\modules\video_output">
      <UniqueIdentifier>{832EB10A-0DDF-4935-8690-FE1C4B17B274}</UniqueIdentifier>
    </Filter>
    <Filter Include="Source Files\modules\video_output\win32">
      <UniqueIdentifier>{DA90BEF5-4D1B-46A4-8C65-E9F95AAA0A07}</UniqueIdentifier>
    </Filter>
    <Filter Include="Source Files\modules\video_chroma">
      <UniqueIdentifier>{b81daa89-7f0f-4c0e-b3bc-8fa08c976df4}</UniqueIdentifier>
    </Filter>
  </ItemGroup>
  <ItemGroup>
    <ResourceCompile Include="..\..\module.rc">
      <Filter>Resource Files</Filter>
    </ResourceCompile>
  </ItemGroup>
  <ItemGroup>
    <ClCompile Include="..\..\dllmain.cpp">
      <Filter>Source Files</Filter>
    </ClCompile>
    <ClCompile Include="..\..\..\vlc-3.0.11\modules\video_output\win32\directdraw.c">
      <Filter>Source Files\modules\video_output\win32</Filter>
    </ClCompile>
    <ClCompile Include="..\..\..\vlc-3.0.11\modules\video_output\win32\common.c">
      <Filter>Source Files\modules\video_output\win32</Filter>
    </ClCompile>
    <ClCompile Include="..\..\..\vlc-3.0.11\modules\video_output\win32\events.c">
      <Filter>Source Files\modules\video_output\win32</Filter>
    </ClCompile>
    <ClCompile Include="..\..\..\vlc-3.0.11\modules\video_output\win32\sensors.cpp">
      <Filter>Source Files\modules\video_output\win32</Filter>
    </ClCompile>
    <ClCompile Include="..\..\..\vlc-3.0.11\modules\video_output\win32\win32touch.c">
      <Filter>Source Files\modules\video_output\win32</Filter>
    </ClCompile>
    <ClCompile Include="..\..\..\vlc-3.0.11\modules\video_chroma\copy.c">
      <Filter>Source Files\modules\video_chroma</Filter>
    </ClCompile>
  </ItemGroup>
</Project>